// !$*UTF8*$!
{
	archiveVersion = 1;
	classes = {
	};
	objectVersion = 50;
	objects = {

/* Begin PBXBuildFile section */
		4F2BF6F425EE77EF00B72181 /* Voice.cpp in Sources */ = {isa = PBXBuildFile; fileRef = 4F2BF6F225EE77EF00B72181 /* Voice.cpp */; };
		4F2BF6F925EE77FE00B72181 /* Hal.cpp in Sources */ = {isa = PBXBuildFile; fileRef = 4F2BF6F725EE77FE00B72181 /* Hal.cpp */; };
		4F9E2A8325EF686200B11A90 /* TinyOsc.c in Sources */ = {isa = PBXBuildFile; fileRef = 4F9E2A8225EF686200B11A90 /* TinyOsc.c */; };
		4FB073E425EE218900FFD404 /* main.cpp in Sources */ = {isa = PBXBuildFile; fileRef = 4FB073E325EE218900FFD404 /* main.cpp */; };
		4FB0745225EE2EF000FFD404 /* AudioUnit.framework in Frameworks */ = {isa = PBXBuildFile; fileRef = 4FB0745125EE2EF000FFD404 /* AudioUnit.framework */; };
		4FB0745425EE2EFD00FFD404 /* CoreAudio.framework in Frameworks */ = {isa = PBXBuildFile; fileRef = 4FB0745325EE2EFD00FFD404 /* CoreAudio.framework */; };
		4FB0745725EE2F1500FFD404 /* CoreMIDI.framework in Frameworks */ = {isa = PBXBuildFile; fileRef = 4FB0745625EE2F1500FFD404 /* CoreMIDI.framework */; };
		4FB0745A25EE2F3F00FFD404 /* CoreFoundation.framework in Frameworks */ = {isa = PBXBuildFile; fileRef = 4FB0745925EE2F3F00FFD404 /* CoreFoundation.framework */; };
		4FB0745E25EE39B400FFD404 /* VoiceMaster.cpp in Sources */ = {isa = PBXBuildFile; fileRef = 4FB0745C25EE39B400FFD404 /* VoiceMaster.cpp */; };
/* End PBXBuildFile section */

/* Begin PBXCopyFilesBuildPhase section */
		4FB073DE25EE218900FFD404 /* CopyFiles */ = {
			isa = PBXCopyFilesBuildPhase;
			buildActionMask = 2147483647;
			dstPath = /usr/share/man/man1/;
			dstSubfolderSpec = 0;
			files = (
			);
			runOnlyForDeploymentPostprocessing = 1;
		};
/* End PBXCopyFilesBuildPhase section */

/* Begin PBXFileReference section */
		4F2BF6F225EE77EF00B72181 /* Voice.cpp */ = {isa = PBXFileReference; fileEncoding = 4; lastKnownFileType = sourcecode.cpp.cpp; path = Voice.cpp; sourceTree = "<group>"; };
		4F2BF6F325EE77EF00B72181 /* Voice.hpp */ = {isa = PBXFileReference; fileEncoding = 4; lastKnownFileType = sourcecode.cpp.h; path = Voice.hpp; sourceTree = "<group>"; };
		4F2BF6F625EE77F600B72181 /* Renderer.h */ = {isa = PBXFileReference; lastKnownFileType = sourcecode.c.h; path = Renderer.h; sourceTree = "<group>"; };
		4F2BF6F725EE77FE00B72181 /* Hal.cpp */ = {isa = PBXFileReference; fileEncoding = 4; lastKnownFileType = sourcecode.cpp.cpp; name = Hal.cpp; path = lib/Hal.cpp; sourceTree = SOURCE_ROOT; };
		4F2BF6F825EE77FE00B72181 /* Hal.hpp */ = {isa = PBXFileReference; fileEncoding = 4; lastKnownFileType = sourcecode.cpp.h; name = Hal.hpp; path = lib/Hal.hpp; sourceTree = SOURCE_ROOT; };
		4F9E2A7C25EEAE8900B11A90 /* Def.h */ = {isa = PBXFileReference; lastKnownFileType = sourcecode.c.h; path = Def.h; sourceTree = "<group>"; };
		4F9E2A7E25EEB03A00B11A90 /* README.txt */ = {isa = PBXFileReference; lastKnownFileType = text; path = README.txt; sourceTree = "<group>"; };
		4F9E2A8125EF683D00B11A90 /* TinyOsc.h */ = {isa = PBXFileReference; lastKnownFileType = sourcecode.c.h; path = TinyOsc.h; sourceTree = "<group>"; };
		4F9E2A8225EF686200B11A90 /* TinyOsc.c */ = {isa = PBXFileReference; lastKnownFileType = sourcecode.c.c; path = TinyOsc.c; sourceTree = "<group>"; };
		4FB073E025EE218900FFD404 /* TestLib */ = {isa = PBXFileReference; explicitFileType = "compiled.mach-o.executable"; includeInIndex = 0; path = TestLib; sourceTree = BUILT_PRODUCTS_DIR; };
		4FB073E325EE218900FFD404 /* main.cpp */ = {isa = PBXFileReference; lastKnownFileType = sourcecode.cpp.cpp; path = main.cpp; sourceTree = "<group>"; };
		4FB0745125EE2EF000FFD404 /* AudioUnit.framework */ = {isa = PBXFileReference; lastKnownFileType = wrapper.framework; name = AudioUnit.framework; path = System/Library/Frameworks/AudioUnit.framework; sourceTree = SDKROOT; };
		4FB0745325EE2EFD00FFD404 /* CoreAudio.framework */ = {isa = PBXFileReference; lastKnownFileType = wrapper.framework; name = CoreAudio.framework; path = System/Library/Frameworks/CoreAudio.framework; sourceTree = SDKROOT; };
		4FB0745625EE2F1500FFD404 /* CoreMIDI.framework */ = {isa = PBXFileReference; lastKnownFileType = wrapper.framework; name = CoreMIDI.framework; path = System/Library/Frameworks/CoreMIDI.framework; sourceTree = SDKROOT; };
		4FB0745925EE2F3F00FFD404 /* CoreFoundation.framework */ = {isa = PBXFileReference; lastKnownFileType = wrapper.framework; name = CoreFoundation.framework; path = System/Library/Frameworks/CoreFoundation.framework; sourceTree = SDKROOT; };
		4FB0745C25EE39B400FFD404 /* VoiceMaster.cpp */ = {isa = PBXFileReference; lastKnownFileType = sourcecode.cpp.cpp; path = VoiceMaster.cpp; sourceTree = "<group>"; };
		4FB0745D25EE39B400FFD404 /* VoiceMaster.hpp */ = {isa = PBXFileReference; lastKnownFileType = sourcecode.cpp.h; path = VoiceMaster.hpp; sourceTree = "<group>"; };
/* End PBXFileReference section */

/* Begin PBXFrameworksBuildPhase section */
		4FB073DD25EE218900FFD404 /* Frameworks */ = {
			isa = PBXFrameworksBuildPhase;
			buildActionMask = 2147483647;
			files = (
				4FB0745A25EE2F3F00FFD404 /* CoreFoundation.framework in Frameworks */,
				4FB0745725EE2F1500FFD404 /* CoreMIDI.framework in Frameworks */,
				4FB0745425EE2EFD00FFD404 /* CoreAudio.framework in Frameworks */,
				4FB0745225EE2EF000FFD404 /* AudioUnit.framework in Frameworks */,
			);
			runOnlyForDeploymentPostprocessing = 0;
		};
/* End PBXFrameworksBuildPhase section */

/* Begin PBXGroup section */
		4FB073D725EE218900FFD404 = {
			isa = PBXGroup;
			children = (
				4F9E2A7E25EEB03A00B11A90 /* README.txt */,
				4FB073EB25EE219C00FFD404 /* lib */,
				4FB073E225EE218900FFD404 /* TestLib */,
				4FB073E125EE218900FFD404 /* Products */,
				4FB073FC25EE28B700FFD404 /* Frameworks */,
			);
			sourceTree = "<group>";
		};
		4FB073E125EE218900FFD404 /* Products */ = {
			isa = PBXGroup;
			children = (
				4FB073E025EE218900FFD404 /* TestLib */,
			);
			name = Products;
			sourceTree = "<group>";
		};
		4FB073E225EE218900FFD404 /* TestLib */ = {
			isa = PBXGroup;
			children = (
				4F2BF6F725EE77FE00B72181 /* Hal.cpp */,
				4F2BF6F825EE77FE00B72181 /* Hal.hpp */,
				4FB073E325EE218900FFD404 /* main.cpp */,
			);
			path = TestLib;
			sourceTree = "<group>";
		};
		4FB073EB25EE219C00FFD404 /* lib */ = {
			isa = PBXGroup;
			children = (
				4F2BF6F625EE77F600B72181 /* Renderer.h */,
				4F2BF6F225EE77EF00B72181 /* Voice.cpp */,
				4F2BF6F325EE77EF00B72181 /* Voice.hpp */,
				4FB0745C25EE39B400FFD404 /* VoiceMaster.cpp */,
				4FB0745D25EE39B400FFD404 /* VoiceMaster.hpp */,
				4F9E2A7C25EEAE8900B11A90 /* Def.h */,
				4F9E2A8125EF683D00B11A90 /* TinyOsc.h */,
				4F9E2A8225EF686200B11A90 /* TinyOsc.c */,
			);
			path = lib;
			sourceTree = "<group>";
		};
		4FB073FC25EE28B700FFD404 /* Frameworks */ = {
			isa = PBXGroup;
			children = (
				4FB0745925EE2F3F00FFD404 /* CoreFoundation.framework */,
				4FB0745625EE2F1500FFD404 /* CoreMIDI.framework */,
				4FB0745325EE2EFD00FFD404 /* CoreAudio.framework */,
				4FB0745125EE2EF000FFD404 /* AudioUnit.framework */,
			);
			name = Frameworks;
			sourceTree = "<group>";
		};
/* End PBXGroup section */

/* Begin PBXNativeTarget section */
		4FB073DF25EE218900FFD404 /* TestLib */ = {
			isa = PBXNativeTarget;
			buildConfigurationList = 4FB073E725EE218900FFD404 /* Build configuration list for PBXNativeTarget "TestLib" */;
			buildPhases = (
				4FB073DC25EE218900FFD404 /* Sources */,
				4FB073DD25EE218900FFD404 /* Frameworks */,
				4FB073DE25EE218900FFD404 /* CopyFiles */,
			);
			buildRules = (
			);
			dependencies = (
			);
			name = TestLib;
			productName = TestLib;
			productReference = 4FB073E025EE218900FFD404 /* TestLib */;
			productType = "com.apple.product-type.tool";
		};
/* End PBXNativeTarget section */

/* Begin PBXProject section */
		4FB073D825EE218900FFD404 /* Project object */ = {
			isa = PBXProject;
			attributes = {
				LastUpgradeCheck = 1200;
				TargetAttributes = {
					4FB073DF25EE218900FFD404 = {
						CreatedOnToolsVersion = 12.0;
					};
				};
			};
			buildConfigurationList = 4FB073DB25EE218900FFD404 /* Build configuration list for PBXProject "TestLib" */;
			compatibilityVersion = "Xcode 9.3";
			developmentRegion = en;
			hasScannedForEncodings = 0;
			knownRegions = (
				en,
				Base,
			);
			mainGroup = 4FB073D725EE218900FFD404;
			productRefGroup = 4FB073E125EE218900FFD404 /* Products */;
			projectDirPath = "";
			projectRoot = "";
			targets = (
				4FB073DF25EE218900FFD404 /* TestLib */,
			);
		};
/* End PBXProject section */

/* Begin PBXSourcesBuildPhase section */
		4FB073DC25EE218900FFD404 /* Sources */ = {
			isa = PBXSourcesBuildPhase;
			buildActionMask = 2147483647;
			files = (
				4FB0745E25EE39B400FFD404 /* VoiceMaster.cpp in Sources */,
				4F2BF6F925EE77FE00B72181 /* Hal.cpp in Sources */,
				4FB073E425EE218900FFD404 /* main.cpp in Sources */,
				4F2BF6F425EE77EF00B72181 /* Voice.cpp in Sources */,
				4F9E2A8325EF686200B11A90 /* TinyOsc.c in Sources */,
			);
			runOnlyForDeploymentPostprocessing = 0;
		};
/* End PBXSourcesBuildPhase section */

/* Begin XCBuildConfiguration section */
		4FB073E525EE218900FFD404 /* Debug */ = {
			isa = XCBuildConfiguration;
			buildSettings = {
				ALWAYS_SEARCH_USER_PATHS = NO;
				CLANG_ANALYZER_NONNULL = YES;
				CLANG_ANALYZER_NUMBER_OBJECT_CONVERSION = YES_AGGRESSIVE;
				CLANG_CXX_LANGUAGE_STANDARD = "gnu++14";
				CLANG_CXX_LIBRARY = "libc++";
				CLANG_ENABLE_MODULES = YES;
				CLANG_ENABLE_OBJC_ARC = YES;
				CLANG_ENABLE_OBJC_WEAK = YES;
				CLANG_WARN_BLOCK_CAPTURE_AUTORELEASING = YES;
				CLANG_WARN_BOOL_CONVERSION = YES;
				CLANG_WARN_COMMA = YES;
				CLANG_WARN_CONSTANT_CONVERSION = YES;
				CLANG_WARN_DEPRECATED_OBJC_IMPLEMENTATIONS = YES;
				CLANG_WARN_DIRECT_OBJC_ISA_USAGE = YES_ERROR;
				CLANG_WARN_DOCUMENTATION_COMMENTS = YES;
				CLANG_WARN_EMPTY_BODY = YES;
				CLANG_WARN_ENUM_CONVERSION = YES;
				CLANG_WARN_INFINITE_RECURSION = YES;
				CLANG_WARN_INT_CONVERSION = YES;
				CLANG_WARN_NON_LITERAL_NULL_CONVERSION = YES;
				CLANG_WARN_OBJC_IMPLICIT_RETAIN_SELF = YES;
				CLANG_WARN_OBJC_LITERAL_CONVERSION = YES;
				CLANG_WARN_OBJC_ROOT_CLASS = YES_ERROR;
				CLANG_WARN_QUOTED_INCLUDE_IN_FRAMEWORK_HEADER = YES;
				CLANG_WARN_RANGE_LOOP_ANALYSIS = YES;
				CLANG_WARN_STRICT_PROTOTYPES = YES;
				CLANG_WARN_SUSPICIOUS_MOVE = YES;
				CLANG_WARN_UNGUARDED_AVAILABILITY = YES_AGGRESSIVE;
				CLANG_WARN_UNREACHABLE_CODE = YES;
				CLANG_WARN__DUPLICATE_METHOD_MATCH = YES;
				COPY_PHASE_STRIP = NO;
				DEBUG_INFORMATION_FORMAT = dwarf;
				ENABLE_STRICT_OBJC_MSGSEND = YES;
				ENABLE_TESTABILITY = YES;
				GCC_C_LANGUAGE_STANDARD = gnu11;
				GCC_DYNAMIC_NO_PIC = NO;
				GCC_NO_COMMON_BLOCKS = YES;
				GCC_OPTIMIZATION_LEVEL = 0;
				GCC_PREPROCESSOR_DEFINITIONS = (
					"DEBUG=1",
					"$(inherited)",
					__MACOSX_CORE__,
				);
				GCC_WARN_64_TO_32_BIT_CONVERSION = YES;
				GCC_WARN_ABOUT_RETURN_TYPE = YES_ERROR;
				GCC_WARN_UNDECLARED_SELECTOR = YES;
				GCC_WARN_UNINITIALIZED_AUTOS = YES_AGGRESSIVE;
				GCC_WARN_UNUSED_FUNCTION = YES;
				GCC_WARN_UNUSED_VARIABLE = YES;
				"HEADER_SEARCH_PATHS[arch=*]" = "../lib/**";
				LIBRARY_SEARCH_PATHS = "/usr/local/lib/**";
				MACOSX_DEPLOYMENT_TARGET = 10.15;
				MTL_ENABLE_DEBUG_INFO = INCLUDE_SOURCE;
				MTL_FAST_MATH = YES;
				ONLY_ACTIVE_ARCH = YES;
				SCAN_ALL_SOURCE_FILES_FOR_INCLUDES = YES;
				SDKROOT = macosx;
			};
			name = Debug;
		};
		4FB073E625EE218900FFD404 /* Release */ = {
			isa = XCBuildConfiguration;
			buildSettings = {
				ALWAYS_SEARCH_USER_PATHS = NO;
				CLANG_ANALYZER_NONNULL = YES;
				CLANG_ANALYZER_NUMBER_OBJECT_CONVERSION = YES_AGGRESSIVE;
				CLANG_CXX_LANGUAGE_STANDARD = "gnu++14";
				CLANG_CXX_LIBRARY = "libc++";
				CLANG_ENABLE_MODULES = YES;
				CLANG_ENABLE_OBJC_ARC = YES;
				CLANG_ENABLE_OBJC_WEAK = YES;
				CLANG_WARN_BLOCK_CAPTURE_AUTORELEASING = YES;
				CLANG_WARN_BOOL_CONVERSION = YES;
				CLANG_WARN_COMMA = YES;
				CLANG_WARN_CONSTANT_CONVERSION = YES;
				CLANG_WARN_DEPRECATED_OBJC_IMPLEMENTATIONS = YES;
				CLANG_WARN_DIRECT_OBJC_ISA_USAGE = YES_ERROR;
				CLANG_WARN_DOCUMENTATION_COMMENTS = YES;
				CLANG_WARN_EMPTY_BODY = YES;
				CLANG_WARN_ENUM_CONVERSION = YES;
				CLANG_WARN_INFINITE_RECURSION = YES;
				CLANG_WARN_INT_CONVERSION = YES;
				CLANG_WARN_NON_LITERAL_NULL_CONVERSION = YES;
				CLANG_WARN_OBJC_IMPLICIT_RETAIN_SELF = YES;
				CLANG_WARN_OBJC_LITERAL_CONVERSION = YES;
				CLANG_WARN_OBJC_ROOT_CLASS = YES_ERROR;
				CLANG_WARN_QUOTED_INCLUDE_IN_FRAMEWORK_HEADER = YES;
				CLANG_WARN_RANGE_LOOP_ANALYSIS = YES;
				CLANG_WARN_STRICT_PROTOTYPES = YES;
				CLANG_WARN_SUSPICIOUS_MOVE = YES;
				CLANG_WARN_UNGUARDED_AVAILABILITY = YES_AGGRESSIVE;
				CLANG_WARN_UNREACHABLE_CODE = YES;
				CLANG_WARN__DUPLICATE_METHOD_MATCH = YES;
				COPY_PHASE_STRIP = NO;
				DEBUG_INFORMATION_FORMAT = "dwarf-with-dsym";
				ENABLE_NS_ASSERTIONS = NO;
				ENABLE_STRICT_OBJC_MSGSEND = YES;
				GCC_C_LANGUAGE_STANDARD = gnu11;
				GCC_NO_COMMON_BLOCKS = YES;
				GCC_WARN_64_TO_32_BIT_CONVERSION = YES;
				GCC_WARN_ABOUT_RETURN_TYPE = YES_ERROR;
				GCC_WARN_UNDECLARED_SELECTOR = YES;
				GCC_WARN_UNINITIALIZED_AUTOS = YES_AGGRESSIVE;
				GCC_WARN_UNUSED_FUNCTION = YES;
				GCC_WARN_UNUSED_VARIABLE = YES;
				"HEADER_SEARCH_PATHS[arch=*]" = "../lib/**";
				LIBRARY_SEARCH_PATHS = "/usr/local/lib/**";
				MACOSX_DEPLOYMENT_TARGET = 10.15;
				MTL_ENABLE_DEBUG_INFO = NO;
				MTL_FAST_MATH = YES;
				SCAN_ALL_SOURCE_FILES_FOR_INCLUDES = YES;
				SDKROOT = macosx;
			};
			name = Release;
		};
		4FB073E825EE218900FFD404 /* Debug */ = {
			isa = XCBuildConfiguration;
			buildSettings = {
				CODE_SIGN_STYLE = Automatic;
				DEVELOPMENT_TEAM = R2WLDRKRB6;
				ENABLE_HARDENED_RUNTIME = YES;
				"GCC_PREPROCESSOR_DEFINITIONS[arch=*]" = (
					"DEBUG=1",
					"$(inherited)",
				);
				LD_DYLIB_INSTALL_NAME = libportmidi.dylib;
				LIBRARY_SEARCH_PATHS = (
					"$(inherited)",
					/usr/local/Cellar/portmidi/217_2/lib,
				);
				PRODUCT_NAME = "$(TARGET_NAME)";
				sdf = "";
			};
			name = Debug;
		};
		4FB073E925EE218900FFD404 /* Release */ = {
			isa = XCBuildConfiguration;
			buildSettings = {
				CODE_SIGN_STYLE = Automatic;
				DEVELOPMENT_TEAM = R2WLDRKRB6;
				ENABLE_HARDENED_RUNTIME = YES;
				"GCC_PREPROCESSOR_DEFINITIONS[arch=*]" = __MACOSX_CORE__;
				LD_DYLIB_INSTALL_NAME = libportmidi.dylib;
				LIBRARY_SEARCH_PATHS = (
					"$(inherited)",
					/usr/local/Cellar/portmidi/217_2/lib,
				);
				PRODUCT_NAME = "$(TARGET_NAME)";
				sdf = "";
			};
			name = Release;
		};
/* End XCBuildConfiguration section */

/* Begin XCConfigurationList section */
		4FB073DB25EE218900FFD404 /* Build configuration list for PBXProject "TestLib" */ = {
			isa = XCConfigurationList;
			buildConfigurations = (
				4FB073E525EE218900FFD404 /* Debug */,
				4FB073E625EE218900FFD404 /* Release */,
			);
			defaultConfigurationIsVisible = 0;
			defaultConfigurationName = Release;
		};
		4FB073E725EE218900FFD404 /* Build configuration list for PBXNativeTarget "TestLib" */ = {
			isa = XCConfigurationList;
			buildConfigurations = (
				4FB073E825EE218900FFD404 /* Debug */,
				4FB073E925EE218900FFD404 /* Release */,
			);
			defaultConfigurationIsVisible = 0;
			defaultConfigurationName = Release;
		};
/* End XCConfigurationList section */
	};
	rootObject = 4FB073D825EE218900FFD404 /* Project object */;
}
