// !$*UTF8*$!
{
	archiveVersion = 1;
	classes = {
	};
	objectVersion = 46;
	objects = {
		28E330C9F3933C8DF365E6C7 = {
			isa = PBXBuildFile;
			fileRef = 4853CE06031B2A15505C4C00;
		};
		BA765CF763A8451F9C24B477 = {
			isa = PBXBuildFile;
			fileRef = F293098BA7C3EDFF46848518;
		};
		C19350520ADB811E8AD3A941 = {
			isa = PBXBuildFile;
			fileRef = 42330B7C088935EC26878E84;
		};
		02BF00B7C4DFD86C18544751 = {
			isa = PBXBuildFile;
			fileRef = 947F1616E26E6E4086873101;
		};
		04B796C2B6529BFCCFB884AD = {
			isa = PBXBuildFile;
			fileRef = 5D3769E9832F59DB8542A7CF;
		};
		2CB8BEFFA6C4A7C883C667C3 = {
			isa = PBXBuildFile;
			fileRef = 6FF9EC08B7903F012FB8738A;
		};
		9A81DA9C751C9349D6BC7EBF = {
			isa = PBXBuildFile;
			fileRef = DF4D523CC3F6AF8F4C62C238;
		};
		E77C0326C138D9E1CFA9EF77 = {
			isa = PBXBuildFile;
			fileRef = 138E4EA0E227ED86ECA94D46;
		};
		99E282C0851F437498E7284D = {
			isa = PBXBuildFile;
			fileRef = D85C5B3B191E9BEEFCF88DD2;
		};
		E13C01B22CE5970EC6A76452 = {
			isa = PBXBuildFile;
			fileRef = F247B941A66C056B6B3330A3;
		};
		D1644B14DE3C91BF1FAEED3B = {
			isa = PBXBuildFile;
			fileRef = F214F1133905CADC3EAE0DA1;
		};
		0F1281B54D0A89951C929C0B = {
			isa = PBXBuildFile;
			fileRef = 8C1B4E456D6BC615EE17E634;
		};
		307D5FEE400DFCFB35C65BFA = {
			isa = PBXBuildFile;
			fileRef = A0014569F897FFA618F042FB;
		};
		A962537E7AB5BB1082BBA4F8 = {
			isa = PBXBuildFile;
			fileRef = 4297FAB6CBFC098DF005ED66;
		};
		1D87AA8E0DC5AD5ED5588C55 = {
			isa = PBXBuildFile;
			fileRef = 115D0A88BD79041B5E11884C;
		};
		21BC47ACB3853E5CBDB64306 = {
			isa = PBXBuildFile;
			fileRef = 4828751B407B9CD2BCFFB36F;
		};
		BC9A17BA1D1BC207C996ADC0 = {
			isa = PBXBuildFile;
			fileRef = E414BB44776629263D9B30E3;
		};
		D25FF8189992B92D35A7805B = {
			isa = PBXBuildFile;
			fileRef = 094DE4F87FB8B0A68AF59604;
		};
		80C4DD85B37A516B2FA818E0 = {
			isa = PBXBuildFile;
			fileRef = 8BD3D797584AF373C9C18794;
		};
		1B032C3A4F01C29C47A53F5A = {
			isa = PBXBuildFile;
			fileRef = 3BADA3156DCDCDAF64D7E5BC;
		};
		96B727648CEECA0547C58080 = {
			isa = PBXBuildFile;
			fileRef = 5D1A75FBBC270029A988526F;
		};
		1B36CE4D6BE79BB6675FA587 = {
			isa = PBXBuildFile;
			fileRef = AEB635429FA4E3D5E59DF5B8;
		};
		39D80024CC47FC98E8462847 = {
			isa = PBXBuildFile;
			fileRef = B1725375E0742E8A00EE1DDE;
		};
		8BAC1D8B1AF0072851968F4E = {
			isa = PBXBuildFile;
			fileRef = C74075732BB9FA867A01DB57;
		};
		C4FBD1EA89148D8A9B6D56AA = {
			isa = PBXBuildFile;
			fileRef = 7885E200B0DB60E652BF2F37;
		};
		E516174859E39C962D81A5F5 = {
			isa = PBXBuildFile;
			fileRef = 5C330934FE5DE8B082E54734;
		};
		66D8364678269F21C6784A2A = {
			isa = PBXBuildFile;
			fileRef = BDEFF1EDDD8DC3F955753EA0;
		};
		6A19C8E4BB13835210E494D4 = {
			isa = PBXBuildFile;
			fileRef = E07DABA8D8CAF0A29526E06C;
		};
		FD33060B6AEF1C46195ECC52 = {
			isa = PBXBuildFile;
			fileRef = 844E4B40A4E6FB7CC8F1D705;
		};
		C90FF6EA7CB35E5FF3B587E7 = {
			isa = PBXBuildFile;
			fileRef = 7CECD481CB063630EC55864E;
		};
		488F703F48B099F33C0EF832 = {
			isa = PBXBuildFile;
			fileRef = 8B121DA115A9DE50C805358F;
		};
		48929372F2DCC4036D7A4F3C = {
			isa = PBXBuildFile;
			fileRef = 1D30B3E6E51C9E19B88EA8A1;
		};
		94B272755CF021E18A7952CB = {
			isa = PBXBuildFile;
			fileRef = C7C4993B7442AA2360C0E5C9;
		};
		9DBC0C656F967CE8818036CB = {
			isa = PBXBuildFile;
			fileRef = A101E914F818285A43584547;
		};
		B245E87E9F91D99F7B1556C5 = {
			isa = PBXBuildFile;
			fileRef = DD9E91325D8A41C5E26FA05D;
		};
		D76A9A21109B6DAFA120E112 = {
			isa = PBXBuildFile;
			fileRef = D517A3B1FAFB80DE117C68C6;
		};
		39F8AC6ED4A4BA752D371609 = {
			isa = PBXBuildFile;
			fileRef = 15C320049BBC9DCFD82B07C4;
		};
		2DA75090EE20D1F3C4732F02 = {
			isa = PBXBuildFile;
			fileRef = C8CFD197C58ACE974A69CE81;
		};
		0CA7C2D96E080AAF24390B3C = {
			isa = PBXBuildFile;
			fileRef = 5E9DD7169DBA9C569A2E5929;
		};
		5E780B24EE16EFD93180C9C5 = {
			isa = PBXBuildFile;
			fileRef = 30D36F1E538061E187C28C75;
		};
		094DE4F87FB8B0A68AF59604 = {
			isa = PBXFileReference;
			lastKnownFileType = file.nib;
			name = RecentFilesMenuTemplate.nib;
			path = RecentFilesMenuTemplate.nib;
			sourceTree = "SOURCE_ROOT";
		};
		0F205994166ABD117B90062B = {
			isa = PBXFileReference;
			lastKnownFileType = text.plist.xml;
			name = "Info-AU.plist";
			path = "Info-AU.plist";
			sourceTree = "SOURCE_ROOT";
		};
		115D0A88BD79041B5E11884C = {
			isa = PBXFileReference;
			lastKnownFileType = wrapper.framework;
			name = OpenGL.framework;
			path = System/Library/Frameworks/OpenGL.framework;
			sourceTree = SDKROOT;
		};
		138E4EA0E227ED86ECA94D46 = {
			isa = PBXFileReference;
			lastKnownFileType = wrapper.framework;
			name = Carbon.framework;
			path = System/Library/Frameworks/Carbon.framework;
			sourceTree = SDKROOT;
		};
		15C320049BBC9DCFD82B07C4 = {
			isa = PBXFileReference;
			lastKnownFileType = sourcecode.cpp.objcpp;
			name = "include_juce_graphics.mm";
			path = "../../JuceLibraryCode/include_juce_graphics.mm";
			sourceTree = "SOURCE_ROOT";
		};
		1AE4D445660063880E0E4A26 = {
			isa = PBXFileReference;
			lastKnownFileType = sourcecode.c.h;
			name = PluginProcessor.h;
			path = ../../Source/PluginProcessor.h;
			sourceTree = "SOURCE_ROOT";
		};
		1D30B3E6E51C9E19B88EA8A1 = {
			isa = PBXFileReference;
			lastKnownFileType = sourcecode.cpp.objcpp;
			name = "include_juce_audio_utils.mm";
			path = "../../JuceLibraryCode/include_juce_audio_utils.mm";
			sourceTree = "SOURCE_ROOT";
		};
		22F917E084C87E486074D9F0 = {
			isa = PBXFileReference;
			lastKnownFileType = sourcecode.c.h;
			name = PluginEditor.h;
			path = ../../Source/PluginEditor.h;
			sourceTree = "SOURCE_ROOT";
		};
		23562F4565B40732C3503196 = {
			isa = PBXFileReference;
			lastKnownFileType = file;
			name = "juce_opengl";
			path = "~/JUCE/modules/juce_opengl";
			sourceTree = "<absolute>";
		};
		295198A29ED31B2657553751 = {
			isa = PBXFileReference;
			lastKnownFileType = file;
			name = "juce_graphics";
			path = "~/JUCE/modules/juce_graphics";
			sourceTree = "<absolute>";
		};
		30D36F1E538061E187C28C75 = {
			isa = PBXFileReference;
			lastKnownFileType = sourcecode.cpp.objcpp;
			name = "include_juce_opengl.mm";
			path = "../../JuceLibraryCode/include_juce_opengl.mm";
			sourceTree = "SOURCE_ROOT";
		};
		3BADA3156DCDCDAF64D7E5BC = {
			isa = PBXFileReference;
			lastKnownFileType = sourcecode.cpp.cpp;
			name = PluginEditor.cpp;
			path = ../../Source/PluginEditor.cpp;
			sourceTree = "SOURCE_ROOT";
		};
		3D5D23D1C7AB9ED945FD9996 = {
			isa = PBXFileReference;
			lastKnownFileType = file;
			name = "juce_audio_basics";
			path = "~/JUCE/modules/juce_audio_basics";
			sourceTree = "<absolute>";
		};
		400FB13447BEB2122D0C557C = {
			isa = PBXFileReference;
			lastKnownFileType = file;
			name = "juce_audio_processors";
			path = "~/JUCE/modules/juce_audio_processors";
			sourceTree = "<absolute>";
		};
		4828751B407B9CD2BCFFB36F = {
			isa = PBXFileReference;
			lastKnownFileType = wrapper.framework;
			name = QuartzCore.framework;
			path = System/Library/Frameworks/QuartzCore.framework;
			sourceTree = SDKROOT;
		};
		4853CE06031B2A15505C4C00 = {
			isa = PBXFileReference;
			explicitFileType = wrapper.cfbundle;
			includeInIndex = 0;
			path = NewProject.vst3;
			sourceTree = "BUILT_PRODUCTS_DIR";
		};
		F293098BA7C3EDFF46848518 = {
			isa = PBXFileReference;
			explicitFileType = wrapper.cfbundle;
			includeInIndex = 0;
			path = NewProject.component;
			sourceTree = "BUILT_PRODUCTS_DIR";
		};
		42330B7C088935EC26878E84 = {
			isa = PBXFileReference;
			explicitFileType = wrapper.application;
			includeInIndex = 0;
			path = NewProject.app;
			sourceTree = "BUILT_PRODUCTS_DIR";
		};
		4297FAB6CBFC098DF005ED66 = {
			isa = PBXFileReference;
			lastKnownFileType = wrapper.framework;
			name = IOKit.framework;
			path = System/Library/Frameworks/IOKit.framework;
			sourceTree = SDKROOT;
		};
		48C037410FCA627E92477FDE = {
			isa = PBXFileReference;
			lastKnownFileType = file;
			name = "juce_events";
			path = "~/JUCE/modules/juce_events";
			sourceTree = "<absolute>";
		};
		5AF6E0B5B420E968C78C2BC0 = {
			isa = PBXFileReference;
			lastKnownFileType = file;
			name = "juce_gui_extra";
			path = "~/JUCE/modules/juce_gui_extra";
			sourceTree = "<absolute>";
		};
		5C330934FE5DE8B082E54734 = {
			isa = PBXFileReference;
			lastKnownFileType = sourcecode.cpp.objcpp;
			name = "include_juce_audio_plugin_client_AU_2.mm";
			path = "../../JuceLibraryCode/include_juce_audio_plugin_client_AU_2.mm";
			sourceTree = "SOURCE_ROOT";
		};
		5D1A75FBBC270029A988526F = {
			isa = PBXFileReference;
			lastKnownFileType = sourcecode.cpp.objcpp;
			name = "include_juce_audio_basics.mm";
			path = "../../JuceLibraryCode/include_juce_audio_basics.mm";
			sourceTree = "SOURCE_ROOT";
		};
		5D3769E9832F59DB8542A7CF = {
			isa = PBXFileReference;
			lastKnownFileType = wrapper.framework;
			name = AudioUnit.framework;
			path = System/Library/Frameworks/AudioUnit.framework;
			sourceTree = SDKROOT;
		};
		5E9DD7169DBA9C569A2E5929 = {
			isa = PBXFileReference;
			lastKnownFileType = sourcecode.cpp.objcpp;
			name = "include_juce_gui_extra.mm";
			path = "../../JuceLibraryCode/include_juce_gui_extra.mm";
			sourceTree = "SOURCE_ROOT";
		};
		636893B96EE87E0769A89DC1 = {
			isa = PBXFileReference;
			lastKnownFileType = file;
			name = "juce_audio_formats";
			path = "~/JUCE/modules/juce_audio_formats";
			sourceTree = "<absolute>";
		};
		6FF9EC08B7903F012FB8738A = {
			isa = PBXFileReference;
			lastKnownFileType = wrapper.framework;
			name = Accelerate.framework;
			path = System/Library/Frameworks/Accelerate.framework;
			sourceTree = SDKROOT;
		};
		7626FF8B30A0DD785BE5E534 = {
			isa = PBXFileReference;
			lastKnownFileType = text.plist.xml;
			name = "Info-VST3.plist";
			path = "Info-VST3.plist";
			sourceTree = "SOURCE_ROOT";
		};
		7885E200B0DB60E652BF2F37 = {
			isa = PBXFileReference;
			lastKnownFileType = sourcecode.cpp.objcpp;
			name = "include_juce_audio_plugin_client_AU_1.mm";
			path = "../../JuceLibraryCode/include_juce_audio_plugin_client_AU_1.mm";
			sourceTree = "SOURCE_ROOT";
		};
		7B9E10959CCF1A3D82FEC9D0 = {
			isa = PBXFileReference;
			lastKnownFileType = file;
			name = "juce_audio_devices";
			path = "~/JUCE/modules/juce_audio_devices";
			sourceTree = "<absolute>";
		};
		7CECD481CB063630EC55864E = {
			isa = PBXFileReference;
			lastKnownFileType = sourcecode.cpp.cpp;
			name = "include_juce_audio_plugin_client_VST3.cpp";
			path = "../../JuceLibraryCode/include_juce_audio_plugin_client_VST3.cpp";
			sourceTree = "SOURCE_ROOT";
		};
		844E4B40A4E6FB7CC8F1D705 = {
			isa = PBXFileReference;
			lastKnownFileType = sourcecode.cpp.objcpp;
			name = "include_juce_audio_plugin_client_VST_utils.mm";
			path = "../../JuceLibraryCode/include_juce_audio_plugin_client_VST_utils.mm";
			sourceTree = "SOURCE_ROOT";
		};
		87EFCC980A79B5A5F3F0EE1C = {
			isa = PBXFileReference;
			lastKnownFileType = file;
			name = "juce_data_structures";
			path = "~/JUCE/modules/juce_data_structures";
			sourceTree = "<absolute>";
		};
		8B121DA115A9DE50C805358F = {
			isa = PBXFileReference;
			lastKnownFileType = sourcecode.cpp.objcpp;
			name = "include_juce_audio_processors.mm";
			path = "../../JuceLibraryCode/include_juce_audio_processors.mm";
			sourceTree = "SOURCE_ROOT";
		};
		8BD3D797584AF373C9C18794 = {
			isa = PBXFileReference;
			lastKnownFileType = sourcecode.cpp.cpp;
			name = PluginProcessor.cpp;
			path = ../../Source/PluginProcessor.cpp;
			sourceTree = "SOURCE_ROOT";
		};
		8C1B4E456D6BC615EE17E634 = {
			isa = PBXFileReference;
			lastKnownFileType = wrapper.framework;
			name = CoreMIDI.framework;
			path = System/Library/Frameworks/CoreMIDI.framework;
			sourceTree = SDKROOT;
		};
		8CAA5139F9010580460266C5 = {
			isa = PBXFileReference;
			lastKnownFileType = file;
			name = "juce_gui_basics";
			path = "~/JUCE/modules/juce_gui_basics";
			sourceTree = "<absolute>";
		};
		8F8B3B1EB9C44E493390C22A = {
			isa = PBXFileReference;
			lastKnownFileType = sourcecode.c.h;
			name = JuceHeader.h;
			path = ../../JuceLibraryCode/JuceHeader.h;
			sourceTree = "SOURCE_ROOT";
		};
		947F1616E26E6E4086873101 = {
			isa = PBXFileReference;
			explicitFileType = archive.ar;
			includeInIndex = 0;
			path = libNewProject.a;
			sourceTree = "BUILT_PRODUCTS_DIR";
		};
		94F4FAC9E83DD37A1BE65001 = {
			isa = PBXFileReference;
			lastKnownFileType = text.plist.xml;
			name = "Info-Standalone_Plugin.plist";
			path = "Info-Standalone_Plugin.plist";
			sourceTree = "SOURCE_ROOT";
		};
		9B2D88B5B80572FA92641791 = {
			isa = PBXFileReference;
			lastKnownFileType = file;
			name = "juce_cryptography";
			path = "~/JUCE/modules/juce_cryptography";
			sourceTree = "<absolute>";
		};
		A0014569F897FFA618F042FB = {
			isa = PBXFileReference;
			lastKnownFileType = wrapper.framework;
			name = DiscRecording.framework;
			path = System/Library/Frameworks/DiscRecording.framework;
			sourceTree = SDKROOT;
		};
		A101E914F818285A43584547 = {
			isa = PBXFileReference;
			lastKnownFileType = sourcecode.cpp.objcpp;
			name = "include_juce_cryptography.mm";
			path = "../../JuceLibraryCode/include_juce_cryptography.mm";
			sourceTree = "SOURCE_ROOT";
		};
		AEB635429FA4E3D5E59DF5B8 = {
			isa = PBXFileReference;
			lastKnownFileType = sourcecode.cpp.objcpp;
			name = "include_juce_audio_devices.mm";
			path = "../../JuceLibraryCode/include_juce_audio_devices.mm";
			sourceTree = "SOURCE_ROOT";
		};
		B1725375E0742E8A00EE1DDE = {
			isa = PBXFileReference;
			lastKnownFileType = sourcecode.cpp.objcpp;
			name = "include_juce_audio_formats.mm";
			path = "../../JuceLibraryCode/include_juce_audio_formats.mm";
			sourceTree = "SOURCE_ROOT";
		};
		B7AD7AFAFE31C9C049365B55 = {
			isa = PBXFileReference;
			lastKnownFileType = file;
			name = "juce_audio_utils";
			path = "~/JUCE/modules/juce_audio_utils";
			sourceTree = "<absolute>";
		};
		BDEFF1EDDD8DC3F955753EA0 = {
			isa = PBXFileReference;
			lastKnownFileType = sourcecode.cpp.cpp;
			name = "include_juce_audio_plugin_client_Standalone.cpp";
			path = "../../JuceLibraryCode/include_juce_audio_plugin_client_Standalone.cpp";
			sourceTree = "SOURCE_ROOT";
		};
		C74075732BB9FA867A01DB57 = {
			isa = PBXFileReference;
			lastKnownFileType = file.r;
			name = "include_juce_audio_plugin_client_AU.r";
			path = "../../JuceLibraryCode/include_juce_audio_plugin_client_AU.r";
			sourceTree = "SOURCE_ROOT";
		};
		C7C4993B7442AA2360C0E5C9 = {
			isa = PBXFileReference;
			lastKnownFileType = sourcecode.cpp.objcpp;
			name = "include_juce_core.mm";
			path = "../../JuceLibraryCode/include_juce_core.mm";
			sourceTree = "SOURCE_ROOT";
		};
		C8CFD197C58ACE974A69CE81 = {
			isa = PBXFileReference;
			lastKnownFileType = sourcecode.cpp.objcpp;
			name = "include_juce_gui_basics.mm";
			path = "../../JuceLibraryCode/include_juce_gui_basics.mm";
			sourceTree = "SOURCE_ROOT";
		};
		D517A3B1FAFB80DE117C68C6 = {
			isa = PBXFileReference;
			lastKnownFileType = sourcecode.cpp.objcpp;
			name = "include_juce_events.mm";
			path = "../../JuceLibraryCode/include_juce_events.mm";
			sourceTree = "SOURCE_ROOT";
		};
		D6C98F75DE3B30CEF9238228 = {
			isa = PBXFileReference;
			lastKnownFileType = sourcecode.c.h;
			name = AppConfig.h;
			path = ../../JuceLibraryCode/AppConfig.h;
			sourceTree = "SOURCE_ROOT";
		};
		D85C5B3B191E9BEEFCF88DD2 = {
			isa = PBXFileReference;
			lastKnownFileType = wrapper.framework;
			name = Cocoa.framework;
			path = System/Library/Frameworks/Cocoa.framework;
			sourceTree = SDKROOT;
		};
		DD9E91325D8A41C5E26FA05D = {
			isa = PBXFileReference;
			lastKnownFileType = sourcecode.cpp.objcpp;
			name = "include_juce_data_structures.mm";
			path = "../../JuceLibraryCode/include_juce_data_structures.mm";
			sourceTree = "SOURCE_ROOT";
		};
		DF4D523CC3F6AF8F4C62C238 = {
			isa = PBXFileReference;
			lastKnownFileType = wrapper.framework;
			name = AudioToolbox.framework;
			path = System/Library/Frameworks/AudioToolbox.framework;
			sourceTree = SDKROOT;
		};
		E07DABA8D8CAF0A29526E06C = {
			isa = PBXFileReference;
			lastKnownFileType = sourcecode.cpp.cpp;
			name = "include_juce_audio_plugin_client_utils.cpp";
			path = "../../JuceLibraryCode/include_juce_audio_plugin_client_utils.cpp";
			sourceTree = "SOURCE_ROOT";
		};
		E414BB44776629263D9B30E3 = {
			isa = PBXFileReference;
			lastKnownFileType = wrapper.framework;
			name = WebKit.framework;
			path = System/Library/Frameworks/WebKit.framework;
			sourceTree = SDKROOT;
		};
		E55CD8DBEE98B229FCA0D6B6 = {
			isa = PBXFileReference;
			lastKnownFileType = file;
			name = "juce_core";
			path = "~/JUCE/modules/juce_core";
			sourceTree = "<absolute>";
		};
		E6B6C54195A2778EBE0AFD02 = {
			isa = PBXFileReference;
			lastKnownFileType = file;
			name = "juce_audio_plugin_client";
			path = "~/JUCE/modules/juce_audio_plugin_client";
			sourceTree = "<absolute>";
		};
		F214F1133905CADC3EAE0DA1 = {
			isa = PBXFileReference;
			lastKnownFileType = wrapper.framework;
			name = CoreAudioKit.framework;
			path = System/Library/Frameworks/CoreAudioKit.framework;
			sourceTree = SDKROOT;
		};
		F247B941A66C056B6B3330A3 = {
			isa = PBXFileReference;
			lastKnownFileType = wrapper.framework;
			name = CoreAudio.framework;
			path = System/Library/Frameworks/CoreAudio.framework;
			sourceTree = SDKROOT;
		};
		D33E35FC55AFA5EEE0DBF4FF = {
			isa = PBXGroup;
			children = (
				8BD3D797584AF373C9C18794,
				1AE4D445660063880E0E4A26,
				3BADA3156DCDCDAF64D7E5BC,
				22F917E084C87E486074D9F0,
			);
			name = Source;
			sourceTree = "<group>";
		};
		BFC9F627DBDB341A7B8DC602 = {
			isa = PBXGroup;
			children = (
				D33E35FC55AFA5EEE0DBF4FF,
			);
			name = NewProject;
			sourceTree = "<group>";
		};
		2021DC81D305371714431B5A = {
			isa = PBXGroup;
			children = (
				3D5D23D1C7AB9ED945FD9996,
				7B9E10959CCF1A3D82FEC9D0,
				636893B96EE87E0769A89DC1,
				E6B6C54195A2778EBE0AFD02,
				400FB13447BEB2122D0C557C,
				B7AD7AFAFE31C9C049365B55,
				E55CD8DBEE98B229FCA0D6B6,
				9B2D88B5B80572FA92641791,
				87EFCC980A79B5A5F3F0EE1C,
				48C037410FCA627E92477FDE,
				295198A29ED31B2657553751,
				8CAA5139F9010580460266C5,
				5AF6E0B5B420E968C78C2BC0,
				23562F4565B40732C3503196,
			);
			name = "JUCE Modules";
			sourceTree = "<group>";
		};
		F9FB61BAEA96B5A6F872F830 = {
			isa = PBXGroup;
			children = (
				D6C98F75DE3B30CEF9238228,
				5D1A75FBBC270029A988526F,
				AEB635429FA4E3D5E59DF5B8,
				B1725375E0742E8A00EE1DDE,
				C74075732BB9FA867A01DB57,
				7885E200B0DB60E652BF2F37,
				5C330934FE5DE8B082E54734,
				BDEFF1EDDD8DC3F955753EA0,
				E07DABA8D8CAF0A29526E06C,
				844E4B40A4E6FB7CC8F1D705,
				7CECD481CB063630EC55864E,
				8B121DA115A9DE50C805358F,
				1D30B3E6E51C9E19B88EA8A1,
				C7C4993B7442AA2360C0E5C9,
				A101E914F818285A43584547,
				DD9E91325D8A41C5E26FA05D,
				D517A3B1FAFB80DE117C68C6,
				15C320049BBC9DCFD82B07C4,
				C8CFD197C58ACE974A69CE81,
				5E9DD7169DBA9C569A2E5929,
				30D36F1E538061E187C28C75,
				8F8B3B1EB9C44E493390C22A,
			);
			name = "JUCE Library Code";
			sourceTree = "<group>";
		};
		C23B029B9BFC22956F1EC3D3 = {
			isa = PBXGroup;
			children = (
				7626FF8B30A0DD785BE5E534,
				0F205994166ABD117B90062B,
				94F4FAC9E83DD37A1BE65001,
				094DE4F87FB8B0A68AF59604,
			);
			name = Resources;
			sourceTree = "<group>";
		};
		F1CFD6385B41B9F8336541D6 = {
			isa = PBXGroup;
			children = (
				5D3769E9832F59DB8542A7CF,
				6FF9EC08B7903F012FB8738A,
				DF4D523CC3F6AF8F4C62C238,
				138E4EA0E227ED86ECA94D46,
				D85C5B3B191E9BEEFCF88DD2,
				F247B941A66C056B6B3330A3,
				F214F1133905CADC3EAE0DA1,
				8C1B4E456D6BC615EE17E634,
				A0014569F897FFA618F042FB,
				4297FAB6CBFC098DF005ED66,
				115D0A88BD79041B5E11884C,
				4828751B407B9CD2BCFFB36F,
				E414BB44776629263D9B30E3,
			);
			name = Frameworks;
			sourceTree = "<group>";
		};
		6FD9CADD7D1E1A25DCD6206F = {
			isa = PBXGroup;
			children = (
				4853CE06031B2A15505C4C00,
				F293098BA7C3EDFF46848518,
				42330B7C088935EC26878E84,
				947F1616E26E6E4086873101,
			);
			name = Products;
			sourceTree = "<group>";
		};
		21CA92C59EA3DF9278C393EE = {
			isa = PBXGroup;
			children = (
				BFC9F627DBDB341A7B8DC602,
				2021DC81D305371714431B5A,
				F9FB61BAEA96B5A6F872F830,
				C23B029B9BFC22956F1EC3D3,
				F1CFD6385B41B9F8336541D6,
				6FD9CADD7D1E1A25DCD6206F,
			);
			name = Source;
			sourceTree = "<group>";
		};
		CE7E28FD8ABC5AC1E0321AF7 = {
			isa = XCBuildConfiguration;
			buildSettings = {
				MACOSX_DEPLOYMENT_TARGET = 10.11;
				SDKROOT = macosx;
			};
			name = Debug;
		};
		DBE5BDEC0D6566EFB5CF7692 = {
			isa = XCBuildConfiguration;
			buildSettings = {
				MACOSX_DEPLOYMENT_TARGET = 10.11;
				SDKROOT = macosx;
			};
			name = Release;
		};
		764CDD47E10AB0C5E4C86E46 = {
			isa = XCBuildConfiguration;
			buildSettings = {
				CLANG_CXX_LANGUAGE_STANDARD = "c++14";
				CLANG_CXX_LIBRARY = "libc++";
				CLANG_LINK_OBJC_RUNTIME = NO;
				CODE_SIGN_IDENTITY = "";
				COMBINE_HIDPI_IMAGES = YES;
				CONFIGURATION_BUILD_DIR = "$(PROJECT_DIR)/build/$(CONFIGURATION)";
				COPY_PHASE_STRIP = NO;
				DEPLOYMENT_LOCATION = YES;
				DSTROOT = /;
				GCC_DYNAMIC_NO_PIC = NO;
				GCC_OPTIMIZATION_LEVEL = 0;
				GCC_PREPROCESSOR_DEFINITIONS = (
					"_DEBUG=1",
					"DEBUG=1",
					"JUCER_XCODE_MAC_F6D2F4CF=1",
					"JUCE_APP_VERSION=1.0.0",
					"JUCE_APP_VERSION_HEX=0x10000",
					"JucePlugin_Build_VST=0",
					"JucePlugin_Build_VST3=1",
					"JucePlugin_Build_AU=0",
					"JucePlugin_Build_AUv3=0",
					"JucePlugin_Build_RTAS=0",
					"JucePlugin_Build_AAX=0",
					"JucePlugin_Build_Standalone=0",
					"JucePlugin_Build_Unity=0",
				);
				GCC_VERSION = com.apple.compilers.llvm.clang.1_0;
				GENERATE_PKGINFO_FILE = YES;
				HEADER_SEARCH_PATHS = (
					"$(HOME)/JUCE/modules/juce_audio_processors/format_types/VST3_SDK",
					"../../JuceLibraryCode",
					"$(HOME)/JUCE/modules",
					"$(HOME)/JUCE/modules/juce_audio_plugin_client",
					"$(inherited)",
				);
				INFOPLIST_FILE = Info-VST3.plist;
				INFOPLIST_PREPROCESS = NO;
				INSTALL_PATH = "$(HOME)/Library/Audio/Plug-Ins/VST3/";
				LIBRARY_STYLE = Bundle;
				MACOSX_DEPLOYMENT_TARGET = 10.11;
				OTHER_LDFLAGS = "-bundle -lNewProject";
				PRODUCT_BUNDLE_IDENTIFIER = com.yourcompany.NewProject;
				PRODUCT_NAME = "NewProject";
				USE_HEADERMAP = NO;
				WRAPPER_EXTENSION = vst3;
			};
			name = Debug;
		};
		64C940285EC5929B7DD9CFCF = {
			isa = XCBuildConfiguration;
			buildSettings = {
				CLANG_CXX_LANGUAGE_STANDARD = "c++14";
				CLANG_CXX_LIBRARY = "libc++";
				CLANG_LINK_OBJC_RUNTIME = NO;
				CODE_SIGN_IDENTITY = "";
				COMBINE_HIDPI_IMAGES = YES;
				CONFIGURATION_BUILD_DIR = "$(PROJECT_DIR)/build/$(CONFIGURATION)";
				DEAD_CODE_STRIPPING = YES;
				DEPLOYMENT_LOCATION = YES;
				DSTROOT = /;
				GCC_GENERATE_DEBUGGING_SYMBOLS = NO;
				GCC_OPTIMIZATION_LEVEL = 3;
				GCC_PREPROCESSOR_DEFINITIONS = (
					"_NDEBUG=1",
					"NDEBUG=1",
					"JUCER_XCODE_MAC_F6D2F4CF=1",
					"JUCE_APP_VERSION=1.0.0",
					"JUCE_APP_VERSION_HEX=0x10000",
					"JucePlugin_Build_VST=0",
					"JucePlugin_Build_VST3=1",
					"JucePlugin_Build_AU=0",
					"JucePlugin_Build_AUv3=0",
					"JucePlugin_Build_RTAS=0",
					"JucePlugin_Build_AAX=0",
					"JucePlugin_Build_Standalone=0",
					"JucePlugin_Build_Unity=0",
				);
				GCC_SYMBOLS_PRIVATE_EXTERN = YES;
				GCC_VERSION = com.apple.compilers.llvm.clang.1_0;
				GENERATE_PKGINFO_FILE = YES;
				HEADER_SEARCH_PATHS = (
					"$(HOME)/JUCE/modules/juce_audio_processors/format_types/VST3_SDK",
					"../../JuceLibraryCode",
					"$(HOME)/JUCE/modules",
					"$(HOME)/JUCE/modules/juce_audio_plugin_client",
					"$(inherited)",
				);
				INFOPLIST_FILE = Info-VST3.plist;
				INFOPLIST_PREPROCESS = NO;
				INSTALL_PATH = "$(HOME)/Library/Audio/Plug-Ins/VST3/";
				LIBRARY_STYLE = Bundle;
				LLVM_LTO = YES;
				MACOSX_DEPLOYMENT_TARGET = 10.11;
				OTHER_LDFLAGS = "-bundle -lNewProject";
				PRODUCT_BUNDLE_IDENTIFIER = com.yourcompany.NewProject;
				PRODUCT_NAME = "NewProject";
				USE_HEADERMAP = NO;
				WRAPPER_EXTENSION = vst3;
			};
			name = Release;
		};
		1BE037E0A6B2CFE28424C05F = {
			isa = XCBuildConfiguration;
			buildSettings = {
				CLANG_CXX_LANGUAGE_STANDARD = "c++14";
				CLANG_CXX_LIBRARY = "libc++";
				CLANG_LINK_OBJC_RUNTIME = NO;
				CODE_SIGN_IDENTITY = "";
				COMBINE_HIDPI_IMAGES = YES;
				CONFIGURATION_BUILD_DIR = "$(PROJECT_DIR)/build/$(CONFIGURATION)";
				COPY_PHASE_STRIP = NO;
				DEPLOYMENT_LOCATION = YES;
				DSTROOT = /;
				GCC_DYNAMIC_NO_PIC = NO;
				GCC_OPTIMIZATION_LEVEL = 0;
				GCC_PREPROCESSOR_DEFINITIONS = (
					"_DEBUG=1",
					"DEBUG=1",
					"JUCER_XCODE_MAC_F6D2F4CF=1",
					"JUCE_APP_VERSION=1.0.0",
					"JUCE_APP_VERSION_HEX=0x10000",
					"JucePlugin_Build_VST=0",
					"JucePlugin_Build_VST3=0",
					"JucePlugin_Build_AU=1",
					"JucePlugin_Build_AUv3=0",
					"JucePlugin_Build_RTAS=0",
					"JucePlugin_Build_AAX=0",
					"JucePlugin_Build_Standalone=0",
					"JucePlugin_Build_Unity=0",
				);
				GCC_VERSION = com.apple.compilers.llvm.clang.1_0;
				GENERATE_PKGINFO_FILE = YES;
				HEADER_SEARCH_PATHS = (
					"$(HOME)/JUCE/modules/juce_audio_processors/format_types/VST3_SDK",
					"../../JuceLibraryCode",
					"$(HOME)/JUCE/modules",
					"$(HOME)/JUCE/modules/juce_audio_plugin_client",
					"$(inherited)",
				);
				INFOPLIST_FILE = Info-AU.plist;
				INFOPLIST_PREPROCESS = NO;
				INSTALL_PATH = "$(HOME)/Library/Audio/Plug-Ins/Components/";
				LIBRARY_STYLE = Bundle;
				MACOSX_DEPLOYMENT_TARGET = 10.11;
				OTHER_LDFLAGS = "-bundle -lNewProject";
				OTHER_REZFLAGS = "-d ppc_$ppc -d i386_$i386 -d ppc64_$ppc64 -d x86_64_$x86_64 -I /System/Library/Frameworks/CoreServices.framework/Frameworks/CarbonCore.framework/Versions/A/Headers -I \"$(DEVELOPER_DIR)/Extras/CoreAudio/AudioUnits/AUPublic/AUBase\" -I \"$(DEVELOPER_DIR)/Platforms/MacOSX.platform/Developer/SDKs/MacOSX.sdk/System/Library/Frameworks/AudioUnit.framework/Headers\"";
				PRODUCT_BUNDLE_IDENTIFIER = com.yourcompany.NewProject;
				PRODUCT_NAME = "NewProject";
				USE_HEADERMAP = NO;
				WRAPPER_EXTENSION = component;
			};
			name = Debug;
		};
		0E843DC2B0AB95FF20477E6D = {
			isa = XCBuildConfiguration;
			buildSettings = {
				CLANG_CXX_LANGUAGE_STANDARD = "c++14";
				CLANG_CXX_LIBRARY = "libc++";
				CLANG_LINK_OBJC_RUNTIME = NO;
				CODE_SIGN_IDENTITY = "";
				COMBINE_HIDPI_IMAGES = YES;
				CONFIGURATION_BUILD_DIR = "$(PROJECT_DIR)/build/$(CONFIGURATION)";
				DEAD_CODE_STRIPPING = YES;
				DEPLOYMENT_LOCATION = YES;
				DSTROOT = /;
				GCC_GENERATE_DEBUGGING_SYMBOLS = NO;
				GCC_OPTIMIZATION_LEVEL = 3;
				GCC_PREPROCESSOR_DEFINITIONS = (
					"_NDEBUG=1",
					"NDEBUG=1",
					"JUCER_XCODE_MAC_F6D2F4CF=1",
					"JUCE_APP_VERSION=1.0.0",
					"JUCE_APP_VERSION_HEX=0x10000",
					"JucePlugin_Build_VST=0",
					"JucePlugin_Build_VST3=0",
					"JucePlugin_Build_AU=1",
					"JucePlugin_Build_AUv3=0",
					"JucePlugin_Build_RTAS=0",
					"JucePlugin_Build_AAX=0",
					"JucePlugin_Build_Standalone=0",
					"JucePlugin_Build_Unity=0",
				);
				GCC_SYMBOLS_PRIVATE_EXTERN = YES;
				GCC_VERSION = com.apple.compilers.llvm.clang.1_0;
				GENERATE_PKGINFO_FILE = YES;
				HEADER_SEARCH_PATHS = (
					"$(HOME)/JUCE/modules/juce_audio_processors/format_types/VST3_SDK",
					"../../JuceLibraryCode",
					"$(HOME)/JUCE/modules",
					"$(HOME)/JUCE/modules/juce_audio_plugin_client",
					"$(inherited)",
				);
				INFOPLIST_FILE = Info-AU.plist;
				INFOPLIST_PREPROCESS = NO;
				INSTALL_PATH = "$(HOME)/Library/Audio/Plug-Ins/Components/";
				LIBRARY_STYLE = Bundle;
				LLVM_LTO = YES;
				MACOSX_DEPLOYMENT_TARGET = 10.11;
				OTHER_LDFLAGS = "-bundle -lNewProject";
				OTHER_REZFLAGS = "-d ppc_$ppc -d i386_$i386 -d ppc64_$ppc64 -d x86_64_$x86_64 -I /System/Library/Frameworks/CoreServices.framework/Frameworks/CarbonCore.framework/Versions/A/Headers -I \"$(DEVELOPER_DIR)/Extras/CoreAudio/AudioUnits/AUPublic/AUBase\" -I \"$(DEVELOPER_DIR)/Platforms/MacOSX.platform/Developer/SDKs/MacOSX.sdk/System/Library/Frameworks/AudioUnit.framework/Headers\"";
				PRODUCT_BUNDLE_IDENTIFIER = com.yourcompany.NewProject;
				PRODUCT_NAME = "NewProject";
				USE_HEADERMAP = NO;
				WRAPPER_EXTENSION = component;
			};
			name = Release;
		};
		3B8AFAA190AAE67A0C5F681E = {
			isa = XCBuildConfiguration;
			buildSettings = {
				CLANG_CXX_LANGUAGE_STANDARD = "c++14";
				CLANG_CXX_LIBRARY = "libc++";
				CLANG_LINK_OBJC_RUNTIME = NO;
				CODE_SIGN_IDENTITY = "";
				COMBINE_HIDPI_IMAGES = YES;
				CONFIGURATION_BUILD_DIR = "$(PROJECT_DIR)/build/$(CONFIGURATION)";
				COPY_PHASE_STRIP = NO;
				GCC_DYNAMIC_NO_PIC = NO;
				GCC_OPTIMIZATION_LEVEL = 0;
				GCC_PREPROCESSOR_DEFINITIONS = (
					"_DEBUG=1",
					"DEBUG=1",
					"JUCER_XCODE_MAC_F6D2F4CF=1",
					"JUCE_APP_VERSION=1.0.0",
					"JUCE_APP_VERSION_HEX=0x10000",
					"JucePlugin_Build_VST=0",
					"JucePlugin_Build_VST3=0",
					"JucePlugin_Build_AU=0",
					"JucePlugin_Build_AUv3=0",
					"JucePlugin_Build_RTAS=0",
					"JucePlugin_Build_AAX=0",
					"JucePlugin_Build_Standalone=1",
					"JucePlugin_Build_Unity=0",
				);
				GCC_VERSION = com.apple.compilers.llvm.clang.1_0;
				HEADER_SEARCH_PATHS = (
					"$(HOME)/JUCE/modules/juce_audio_processors/format_types/VST3_SDK",
					"../../JuceLibraryCode",
					"$(HOME)/JUCE/modules",
					"$(HOME)/JUCE/modules/juce_audio_plugin_client",
					"$(inherited)",
				);
				INFOPLIST_FILE = Info-Standalone_Plugin.plist;
				INFOPLIST_PREPROCESS = NO;
				MACOSX_DEPLOYMENT_TARGET = 10.11;
				OTHER_LDFLAGS = "-lNewProject";
				PRODUCT_BUNDLE_IDENTIFIER = com.yourcompany.NewProject;
				PRODUCT_NAME = "NewProject";
				USE_HEADERMAP = NO;
			};
			name = Debug;
		};
		CCCA688EA5CE63AE9AC6CC08 = {
			isa = XCBuildConfiguration;
			buildSettings = {
				CLANG_CXX_LANGUAGE_STANDARD = "c++14";
				CLANG_CXX_LIBRARY = "libc++";
				CLANG_LINK_OBJC_RUNTIME = NO;
				CODE_SIGN_IDENTITY = "";
				COMBINE_HIDPI_IMAGES = YES;
				CONFIGURATION_BUILD_DIR = "$(PROJECT_DIR)/build/$(CONFIGURATION)";
				DEAD_CODE_STRIPPING = YES;
				GCC_GENERATE_DEBUGGING_SYMBOLS = NO;
				GCC_OPTIMIZATION_LEVEL = 3;
				GCC_PREPROCESSOR_DEFINITIONS = (
					"_NDEBUG=1",
					"NDEBUG=1",
					"JUCER_XCODE_MAC_F6D2F4CF=1",
					"JUCE_APP_VERSION=1.0.0",
					"JUCE_APP_VERSION_HEX=0x10000",
					"JucePlugin_Build_VST=0",
					"JucePlugin_Build_VST3=0",
					"JucePlugin_Build_AU=0",
					"JucePlugin_Build_AUv3=0",
					"JucePlugin_Build_RTAS=0",
					"JucePlugin_Build_AAX=0",
					"JucePlugin_Build_Standalone=1",
					"JucePlugin_Build_Unity=0",
				);
				GCC_SYMBOLS_PRIVATE_EXTERN = YES;
				GCC_VERSION = com.apple.compilers.llvm.clang.1_0;
				HEADER_SEARCH_PATHS = (
					"$(HOME)/JUCE/modules/juce_audio_processors/format_types/VST3_SDK",
					"../../JuceLibraryCode",
					"$(HOME)/JUCE/modules",
					"$(HOME)/JUCE/modules/juce_audio_plugin_client",
					"$(inherited)",
				);
				INFOPLIST_FILE = Info-Standalone_Plugin.plist;
				INFOPLIST_PREPROCESS = NO;
				LLVM_LTO = YES;
				MACOSX_DEPLOYMENT_TARGET = 10.11;
				OTHER_LDFLAGS = "-lNewProject";
				PRODUCT_BUNDLE_IDENTIFIER = com.yourcompany.NewProject;
				PRODUCT_NAME = "NewProject";
				USE_HEADERMAP = NO;
			};
			name = Release;
		};
		91A7289E6F9EEF788A628163 = {
			isa = XCBuildConfiguration;
			buildSettings = {
				CLANG_CXX_LANGUAGE_STANDARD = "c++14";
				CLANG_CXX_LIBRARY = "libc++";
				CLANG_LINK_OBJC_RUNTIME = NO;
				CODE_SIGN_IDENTITY = "";
				COMBINE_HIDPI_IMAGES = YES;
				CONFIGURATION_BUILD_DIR = "$(PROJECT_DIR)/build/$(CONFIGURATION)";
				COPY_PHASE_STRIP = NO;
				GCC_DYNAMIC_NO_PIC = NO;
				GCC_OPTIMIZATION_LEVEL = 0;
				GCC_PREPROCESSOR_DEFINITIONS = (
					"_DEBUG=1",
					"DEBUG=1",
					"JUCER_XCODE_MAC_F6D2F4CF=1",
					"JUCE_APP_VERSION=1.0.0",
					"JUCE_APP_VERSION_HEX=0x10000",
					"JucePlugin_Build_VST=0",
					"JucePlugin_Build_VST3=1",
					"JucePlugin_Build_AU=1",
					"JucePlugin_Build_AUv3=0",
					"JucePlugin_Build_RTAS=0",
					"JucePlugin_Build_AAX=0",
					"JucePlugin_Build_Standalone=1",
					"JucePlugin_Build_Unity=0",
					"JUCE_SHARED_CODE=1",
				);
				GCC_VERSION = com.apple.compilers.llvm.clang.1_0;
				HEADER_SEARCH_PATHS = (
					"$(HOME)/JUCE/modules/juce_audio_processors/format_types/VST3_SDK",
					"../../JuceLibraryCode",
					"$(HOME)/JUCE/modules",
					"$(HOME)/JUCE/modules/juce_audio_plugin_client",
					"$(inherited)",
				);
				INSTALL_PATH = "@executable_path/../Frameworks";
				MACOSX_DEPLOYMENT_TARGET = 10.11;
				PRODUCT_BUNDLE_IDENTIFIER = com.yourcompany.NewProject;
				PRODUCT_NAME = "NewProject";
				SKIP_INSTALL = YES;
				USE_HEADERMAP = NO;
			};
			name = Debug;
		};
		184D5F47E5B3B38DCC1430B0 = {
			isa = XCBuildConfiguration;
			buildSettings = {
				CLANG_CXX_LANGUAGE_STANDARD = "c++14";
				CLANG_CXX_LIBRARY = "libc++";
				CLANG_LINK_OBJC_RUNTIME = NO;
				CODE_SIGN_IDENTITY = "";
				COMBINE_HIDPI_IMAGES = YES;
				CONFIGURATION_BUILD_DIR = "$(PROJECT_DIR)/build/$(CONFIGURATION)";
				DEAD_CODE_STRIPPING = YES;
				GCC_GENERATE_DEBUGGING_SYMBOLS = NO;
				GCC_OPTIMIZATION_LEVEL = 3;
				GCC_PREPROCESSOR_DEFINITIONS = (
					"_NDEBUG=1",
					"NDEBUG=1",
					"JUCER_XCODE_MAC_F6D2F4CF=1",
					"JUCE_APP_VERSION=1.0.0",
					"JUCE_APP_VERSION_HEX=0x10000",
					"JucePlugin_Build_VST=0",
					"JucePlugin_Build_VST3=1",
					"JucePlugin_Build_AU=1",
					"JucePlugin_Build_AUv3=0",
					"JucePlugin_Build_RTAS=0",
					"JucePlugin_Build_AAX=0",
					"JucePlugin_Build_Standalone=1",
					"JucePlugin_Build_Unity=0",
					"JUCE_SHARED_CODE=1",
				);
				GCC_SYMBOLS_PRIVATE_EXTERN = YES;
				GCC_VERSION = com.apple.compilers.llvm.clang.1_0;
				HEADER_SEARCH_PATHS = (
					"$(HOME)/JUCE/modules/juce_audio_processors/format_types/VST3_SDK",
					"../../JuceLibraryCode",
					"$(HOME)/JUCE/modules",
					"$(HOME)/JUCE/modules/juce_audio_plugin_client",
					"$(inherited)",
				);
				INSTALL_PATH = "@executable_path/../Frameworks";
				LLVM_LTO = YES;
				MACOSX_DEPLOYMENT_TARGET = 10.11;
				PRODUCT_BUNDLE_IDENTIFIER = com.yourcompany.NewProject;
				PRODUCT_NAME = "NewProject";
				SKIP_INSTALL = YES;
				USE_HEADERMAP = NO;
			};
			name = Release;
		};
		1C4863AEC89ADFB1D9E08434 = {
			isa = XCBuildConfiguration;
			buildSettings = {
				ALWAYS_SEARCH_USER_PATHS = NO;
				CLANG_ENABLE_OBJC_WEAK = YES;
				CLANG_WARN_BLOCK_CAPTURE_AUTORELEASING = YES;
				CLANG_WARN_BOOL_CONVERSION = YES;
				CLANG_WARN_COMMA = YES;
				CLANG_WARN_CONSTANT_CONVERSION = YES;
				CLANG_WARN_DEPRECATED_OBJC_IMPLEMENTATIONS = YES;
				CLANG_WARN_EMPTY_BODY = YES;
				CLANG_WARN_ENUM_CONVERSION = YES;
				CLANG_WARN_INFINITE_RECURSION = YES;
				CLANG_WARN_INT_CONVERSION = YES;
				CLANG_WARN_NON_LITERAL_NULL_CONVERSION = YES;
				CLANG_WARN_OBJC_IMPLICIT_RETAIN_SELF = YES;
				CLANG_WARN_OBJC_LITERAL_CONVERSION = YES;
				CLANG_WARN_RANGE_LOOP_ANALYSIS = YES;
				CLANG_WARN_STRICT_PROTOTYPES = YES;
				CLANG_WARN_SUSPICIOUS_MOVE = YES;
				CLANG_WARN_UNREACHABLE_CODE = YES;
				CLANG_WARN__DUPLICATE_METHOD_MATCH = YES;
				CODE_SIGN_IDENTITY = "";
				DEBUG_INFORMATION_FORMAT = dwarf;
				ENABLE_STRICT_OBJC_MSGSEND = YES;
				ENABLE_TESTABILITY = YES;
				GCC_C_LANGUAGE_STANDARD = c11;
				GCC_INLINES_ARE_PRIVATE_EXTERN = YES;
				GCC_MODEL_TUNING = G5;
				GCC_NO_COMMON_BLOCKS = YES;
				GCC_WARN_64_TO_32_BIT_CONVERSION = YES;
				GCC_WARN_ABOUT_RETURN_TYPE = YES;
				GCC_WARN_CHECK_SWITCH_STATEMENTS = YES;
				GCC_WARN_MISSING_PARENTHESES = YES;
				GCC_WARN_NON_VIRTUAL_DESTRUCTOR = YES;
				GCC_WARN_TYPECHECK_CALLS_TO_PRINTF = YES;
				GCC_WARN_UNDECLARED_SELECTOR = YES;
				GCC_WARN_UNINITIALIZED_AUTOS = YES;
				GCC_WARN_UNUSED_FUNCTION = YES;
				GCC_WARN_UNUSED_VARIABLE = YES;
				ONLY_ACTIVE_ARCH = YES;
				PRODUCT_NAME = "NewProject";
				SDKROOT = macosx;
				WARNING_CFLAGS = "-Wreorder";
				ZERO_LINK = NO;
			};
			name = Debug;
		};
		6918C2C3C10F03620FA9C2E2 = {
			isa = XCBuildConfiguration;
			buildSettings = {
				ALWAYS_SEARCH_USER_PATHS = NO;
				CLANG_ENABLE_OBJC_WEAK = YES;
				CLANG_WARN_BLOCK_CAPTURE_AUTORELEASING = YES;
				CLANG_WARN_BOOL_CONVERSION = YES;
				CLANG_WARN_COMMA = YES;
				CLANG_WARN_CONSTANT_CONVERSION = YES;
				CLANG_WARN_DEPRECATED_OBJC_IMPLEMENTATIONS = YES;
				CLANG_WARN_EMPTY_BODY = YES;
				CLANG_WARN_ENUM_CONVERSION = YES;
				CLANG_WARN_INFINITE_RECURSION = YES;
				CLANG_WARN_INT_CONVERSION = YES;
				CLANG_WARN_NON_LITERAL_NULL_CONVERSION = YES;
				CLANG_WARN_OBJC_IMPLICIT_RETAIN_SELF = YES;
				CLANG_WARN_OBJC_LITERAL_CONVERSION = YES;
				CLANG_WARN_RANGE_LOOP_ANALYSIS = YES;
				CLANG_WARN_STRICT_PROTOTYPES = YES;
				CLANG_WARN_SUSPICIOUS_MOVE = YES;
				CLANG_WARN_UNREACHABLE_CODE = YES;
				CLANG_WARN__DUPLICATE_METHOD_MATCH = YES;
				CODE_SIGN_IDENTITY = "";
				DEBUG_INFORMATION_FORMAT = dwarf;
				ENABLE_STRICT_OBJC_MSGSEND = YES;
				GCC_C_LANGUAGE_STANDARD = c11;
				GCC_INLINES_ARE_PRIVATE_EXTERN = YES;
				GCC_MODEL_TUNING = G5;
				GCC_NO_COMMON_BLOCKS = YES;
				GCC_WARN_64_TO_32_BIT_CONVERSION = YES;
				GCC_WARN_ABOUT_RETURN_TYPE = YES;
				GCC_WARN_CHECK_SWITCH_STATEMENTS = YES;
				GCC_WARN_MISSING_PARENTHESES = YES;
				GCC_WARN_NON_VIRTUAL_DESTRUCTOR = YES;
				GCC_WARN_TYPECHECK_CALLS_TO_PRINTF = YES;
				GCC_WARN_UNDECLARED_SELECTOR = YES;
				GCC_WARN_UNINITIALIZED_AUTOS = YES;
				GCC_WARN_UNUSED_FUNCTION = YES;
				GCC_WARN_UNUSED_VARIABLE = YES;
				PRODUCT_NAME = "NewProject";
				SDKROOT = macosx;
				WARNING_CFLAGS = "-Wreorder";
				ZERO_LINK = NO;
			};
			name = Release;
		};
		E49C721312532F3F444433EA = {
			isa = PBXTargetDependency;
			target = 658C3FF353E691629A43CD33;
		};
		43DF7B5ECA7895BADF32CA1D = {
			isa = PBXTargetDependency;
			target = 5BC52787B1641B322476E54E;
		};
		325AFB492BBB3D3F7F97C4DC = {
			isa = PBXTargetDependency;
			target = 22715141EDD7BFFC1D883359;
		};
		F96042722229CB9762952148 = {
			isa = PBXTargetDependency;
			target = F1512133055F7FB04626C268;
		};
		773509AD4A32A55B270D90A4 = {
			isa = XCConfigurationList;
			buildConfigurations = (
				1C4863AEC89ADFB1D9E08434,
				6918C2C3C10F03620FA9C2E2,
			);
			defaultConfigurationIsVisible = 0;
			defaultConfigurationName = Debug;
		};
		282731AA8F88DE041F94DF08 = {
			isa = XCConfigurationList;
			buildConfigurations = (
				CE7E28FD8ABC5AC1E0321AF7,
				DBE5BDEC0D6566EFB5CF7692,
			);
			defaultConfigurationIsVisible = 0;
			defaultConfigurationName = Debug;
		};
		B3F999A4693B79CF97703676 = {
			isa = PBXAggregateTarget;
			buildConfigurationList = 282731AA8F88DE041F94DF08;
			buildPhases = ( );
			buildRules = ( );
			dependencies = (
				E49C721312532F3F444433EA,
				43DF7B5ECA7895BADF32CA1D,
				325AFB492BBB3D3F7F97C4DC,
				F96042722229CB9762952148,
			);
			name = "NewProject - All";
			productName = NewProject;
		};
		FECF0EF45571EA7B7F6D44FD = {
			isa = XCConfigurationList;
			buildConfigurations = (
				764CDD47E10AB0C5E4C86E46,
				64C940285EC5929B7DD9CFCF,
			);
			defaultConfigurationIsVisible = 0;
			defaultConfigurationName = Debug;
		};
		BA3D3CA55BE7073E6B7A80EF = {
			isa = PBXResourcesBuildPhase;
			buildActionMask = 2147483647;
			files = (
				D25FF8189992B92D35A7805B,
			);
			runOnlyForDeploymentPostprocessing = 0;
		};
		68EB16C1A744D8255D6DDD10 = {
			isa = PBXSourcesBuildPhase;
			buildActionMask = 2147483647;
			files = (
				C90FF6EA7CB35E5FF3B587E7,
			);
			runOnlyForDeploymentPostprocessing = 0;
		};
		5CF36FD668A6E212E8BFC207 = {
			isa = PBXFrameworksBuildPhase;
			buildActionMask = 2147483647;
			files = (
				2CB8BEFFA6C4A7C883C667C3,
				9A81DA9C751C9349D6BC7EBF,
				E77C0326C138D9E1CFA9EF77,
				99E282C0851F437498E7284D,
				E13C01B22CE5970EC6A76452,
				D1644B14DE3C91BF1FAEED3B,
				0F1281B54D0A89951C929C0B,
				307D5FEE400DFCFB35C65BFA,
				A962537E7AB5BB1082BBA4F8,
				1D87AA8E0DC5AD5ED5588C55,
				21BC47ACB3853E5CBDB64306,
				BC9A17BA1D1BC207C996ADC0,
			);
			runOnlyForDeploymentPostprocessing = 0;
		};
		658C3FF353E691629A43CD33 = {
			isa = PBXNativeTarget;
			buildConfigurationList = FECF0EF45571EA7B7F6D44FD;
			buildPhases = (
				BA3D3CA55BE7073E6B7A80EF,
				68EB16C1A744D8255D6DDD10,
				5CF36FD668A6E212E8BFC207,
			);
			buildRules = ( );
			dependencies = (
				F96042722229CB9762952148,
			);
			name = "NewProject - VST3";
			productName = NewProject;
			productReference = 4853CE06031B2A15505C4C00;
			productType = "com.apple.product-type.bundle";
		};
		E92565006C958C6F7FB4799D = {
			isa = XCConfigurationList;
			buildConfigurations = (
				1BE037E0A6B2CFE28424C05F,
				0E843DC2B0AB95FF20477E6D,
			);
			defaultConfigurationIsVisible = 0;
			defaultConfigurationName = Debug;
		};
		1DD244FEB5785D999F4B687F = {
			isa = PBXResourcesBuildPhase;
			buildActionMask = 2147483647;
			files = (
				D25FF8189992B92D35A7805B,
			);
			runOnlyForDeploymentPostprocessing = 0;
		};
		8F62EF375D08A1B404C67289 = {
			isa = PBXRezBuildPhase;
			buildActionMask = 2147483647;
			files = (
				8BAC1D8B1AF0072851968F4E,
			);
			runOnlyForDeploymentPostprocessing = 0;
		};
		E004EBA74824EA15F52977E2 = {
			isa = PBXSourcesBuildPhase;
			buildActionMask = 2147483647;
			files = (
				C4FBD1EA89148D8A9B6D56AA,
				E516174859E39C962D81A5F5,
			);
			runOnlyForDeploymentPostprocessing = 0;
		};
		3975E99039FF787A2E4FE11D = {
			isa = PBXFrameworksBuildPhase;
			buildActionMask = 2147483647;
			files = (
				04B796C2B6529BFCCFB884AD,
				2CB8BEFFA6C4A7C883C667C3,
				9A81DA9C751C9349D6BC7EBF,
				E77C0326C138D9E1CFA9EF77,
				99E282C0851F437498E7284D,
				E13C01B22CE5970EC6A76452,
				D1644B14DE3C91BF1FAEED3B,
				0F1281B54D0A89951C929C0B,
				307D5FEE400DFCFB35C65BFA,
				A962537E7AB5BB1082BBA4F8,
				1D87AA8E0DC5AD5ED5588C55,
				21BC47ACB3853E5CBDB64306,
				BC9A17BA1D1BC207C996ADC0,
			);
			runOnlyForDeploymentPostprocessing = 0;
		};
		5BC52787B1641B322476E54E = {
			isa = PBXNativeTarget;
			buildConfigurationList = E92565006C958C6F7FB4799D;
			buildPhases = (
				1DD244FEB5785D999F4B687F,
				8F62EF375D08A1B404C67289,
				E004EBA74824EA15F52977E2,
				3975E99039FF787A2E4FE11D,
			);
			buildRules = ( );
			dependencies = (
				F96042722229CB9762952148,
			);
			name = "NewProject - AU";
			productName = NewProject;
			productReference = F293098BA7C3EDFF46848518;
			productType = "com.apple.product-type.bundle";
		};
		5972A984BFDCFDBE1CF1216A = {
			isa = XCConfigurationList;
			buildConfigurations = (
				3B8AFAA190AAE67A0C5F681E,
				CCCA688EA5CE63AE9AC6CC08,
			);
			defaultConfigurationIsVisible = 0;
			defaultConfigurationName = Debug;
		};
		3C2ED01E36EB7914A1394A6B = {
			isa = PBXResourcesBuildPhase;
			buildActionMask = 2147483647;
			files = (
				D25FF8189992B92D35A7805B,
			);
			runOnlyForDeploymentPostprocessing = 0;
		};
		3C78FE2B519B17DF62594205 = {
			isa = PBXSourcesBuildPhase;
			buildActionMask = 2147483647;
			files = (
				66D8364678269F21C6784A2A,
			);
			runOnlyForDeploymentPostprocessing = 0;
		};
		AD039D418E982923ACB11651 = {
			isa = PBXFrameworksBuildPhase;
			buildActionMask = 2147483647;
			files = (
				2CB8BEFFA6C4A7C883C667C3,
				9A81DA9C751C9349D6BC7EBF,
				E77C0326C138D9E1CFA9EF77,
				99E282C0851F437498E7284D,
				E13C01B22CE5970EC6A76452,
				D1644B14DE3C91BF1FAEED3B,
				0F1281B54D0A89951C929C0B,
				307D5FEE400DFCFB35C65BFA,
				A962537E7AB5BB1082BBA4F8,
				1D87AA8E0DC5AD5ED5588C55,
				21BC47ACB3853E5CBDB64306,
				BC9A17BA1D1BC207C996ADC0,
			);
			runOnlyForDeploymentPostprocessing = 0;
		};
		22715141EDD7BFFC1D883359 = {
			isa = PBXNativeTarget;
			buildConfigurationList = 5972A984BFDCFDBE1CF1216A;
			buildPhases = (
				3C2ED01E36EB7914A1394A6B,
				3C78FE2B519B17DF62594205,
				AD039D418E982923ACB11651,
			);
			buildRules = ( );
			dependencies = (
				F96042722229CB9762952148,
			);
			name = "NewProject - Standalone Plugin";
			productName = NewProject;
			productReference = 42330B7C088935EC26878E84;
			productType = "com.apple.product-type.application";
		};
		529108526A7599E22B917C9A = {
			isa = XCConfigurationList;
			buildConfigurations = (
				91A7289E6F9EEF788A628163,
				184D5F47E5B3B38DCC1430B0,
			);
			defaultConfigurationIsVisible = 0;
			defaultConfigurationName = Debug;
		};
		B14D8DDE3696F6B2F9D9F7E5 = {
			isa = PBXSourcesBuildPhase;
			buildActionMask = 2147483647;
			files = (
				80C4DD85B37A516B2FA818E0,
				1B032C3A4F01C29C47A53F5A,
				96B727648CEECA0547C58080,
				1B36CE4D6BE79BB6675FA587,
				39D80024CC47FC98E8462847,
				6A19C8E4BB13835210E494D4,
				FD33060B6AEF1C46195ECC52,
				488F703F48B099F33C0EF832,
				48929372F2DCC4036D7A4F3C,
				94B272755CF021E18A7952CB,
				9DBC0C656F967CE8818036CB,
				B245E87E9F91D99F7B1556C5,
				D76A9A21109B6DAFA120E112,
				39F8AC6ED4A4BA752D371609,
				2DA75090EE20D1F3C4732F02,
				0CA7C2D96E080AAF24390B3C,
				5E780B24EE16EFD93180C9C5,
			);
			runOnlyForDeploymentPostprocessing = 0;
		};
		F1512133055F7FB04626C268 = {
			isa = PBXNativeTarget;
			buildConfigurationList = 529108526A7599E22B917C9A;
			buildPhases = (
				B14D8DDE3696F6B2F9D9F7E5,
			);
			buildRules = ( );
			dependencies = ( );
			name = "NewProject - Shared Code";
			productName = NewProject;
			productReference = 947F1616E26E6E4086873101;
			productType = "com.apple.product-type.library.static";
		};
		34694D1BDE26D1A393C0CE38 = {
			isa = PBXProject;
			buildConfigurationList = 773509AD4A32A55B270D90A4;
			attributes = { LastUpgradeCheck = 1100; ORGANIZATIONNAME = ""; TargetAttributes = { B3F999A4693B79CF97703676 = { SystemCapabilities = {com.apple.ApplicationGroups.iOS = { enabled = 0; }; com.apple.InAppPurchase = { enabled = 0; }; com.apple.InterAppAudio = { enabled = 0; }; com.apple.Push = { enabled = 0; }; com.apple.Sandbox = { enabled = 0; }; com.apple.HardenedRuntime = { enabled = 0; }; }; };658C3FF353E691629A43CD33 = { SystemCapabilities = {com.apple.ApplicationGroups.iOS = { enabled = 0; }; com.apple.InAppPurchase = { enabled = 0; }; com.apple.InterAppAudio = { enabled = 0; }; com.apple.Push = { enabled = 0; }; com.apple.Sandbox = { enabled = 0; }; com.apple.HardenedRuntime = { enabled = 0; }; }; };5BC52787B1641B322476E54E = { SystemCapabilities = {com.apple.ApplicationGroups.iOS = { enabled = 0; }; com.apple.InAppPurchase = { enabled = 0; }; com.apple.InterAppAudio = { enabled = 0; }; com.apple.Push = { enabled = 0; }; com.apple.Sandbox = { enabled = 0; }; com.apple.HardenedRuntime = { enabled = 0; }; }; };22715141EDD7BFFC1D883359 = { SystemCapabilities = {com.apple.ApplicationGroups.iOS = { enabled = 0; }; com.apple.InAppPurchase = { enabled = 0; }; com.apple.InterAppAudio = { enabled = 0; }; com.apple.Push = { enabled = 0; }; com.apple.Sandbox = { enabled = 0; }; com.apple.HardenedRuntime = { enabled = 0; }; }; };F1512133055F7FB04626C268 = { SystemCapabilities = {com.apple.ApplicationGroups.iOS = { enabled = 0; }; com.apple.InAppPurchase = { enabled = 0; }; com.apple.InterAppAudio = { enabled = 0; }; com.apple.Push = { enabled = 0; }; com.apple.Sandbox = { enabled = 0; }; com.apple.HardenedRuntime = { enabled = 0; }; }; }; }; };
			compatibilityVersion = "Xcode 3.2";
			hasScannedForEncodings = 0;
			mainGroup = 21CA92C59EA3DF9278C393EE;
			projectDirPath = "";
			projectRoot = "";
			targets = (B3F999A4693B79CF97703676, 658C3FF353E691629A43CD33, 5BC52787B1641B322476E54E, 22715141EDD7BFFC1D883359, F1512133055F7FB04626C268);
			knownRegions = (en, Base);
		};
	};
	rootObject = 34694D1BDE26D1A393C0CE38;
}
